
Microsoft Visual Studio Solution File, Format Version 12.00
# Visual Studio 15
VisualStudioVersion = 15.0.26228.12
MinimumVisualStudioVersion = 10.0.40219.1
Project("{FAE04EC0-301F-11D3-BF4B-00C04F79EFBC}") = "BingoFinal.Android", "BingoFinal\BingoFinal.Android\BingoFinal.Android.csproj", "{8AA24C95-F431-4EED-8860-4D65044C3565}"
EndProject
Project("{FAE04EC0-301F-11D3-BF4B-00C04F79EFBC}") = "BingoFinal", "BingoFinal\BingoFinal\BingoFinal.csproj", "{4D73BA9A-8D45-4C76-92C9-17910DFAEC5C}"
EndProject
Project("{FAE04EC0-301F-11D3-BF4B-00C04F79EFBC}") = "BingoFinal.UWP", "BingoFinal\BingoFinal.UWP\BingoFinal.UWP.csproj", "{E08CF57E-27CC-4552-ADD0-75D1F9D0C5B0}"
EndProject
Project("{FAE04EC0-301F-11D3-BF4B-00C04F79EFBC}") = "BingoFinal.iOS", "BingoFinal\BingoFinal.iOS\BingoFinal.iOS.csproj", "{69D831CF-98CA-44AB-A367-11A9A3B0F01E}"
EndProject
Global
	GlobalSection(SolutionConfigurationPlatforms) = preSolution
		Ad-Hoc|Any CPU = Ad-Hoc|Any CPU
		Ad-Hoc|ARM = Ad-Hoc|ARM
		Ad-Hoc|iPhone = Ad-Hoc|iPhone
		Ad-Hoc|iPhoneSimulator = Ad-Hoc|iPhoneSimulator
		Ad-Hoc|x64 = Ad-Hoc|x64
		Ad-Hoc|x86 = Ad-Hoc|x86
		AppStore|Any CPU = AppStore|Any CPU
		AppStore|ARM = AppStore|ARM
		AppStore|iPhone = AppStore|iPhone
		AppStore|iPhoneSimulator = AppStore|iPhoneSimulator
		AppStore|x64 = AppStore|x64
		AppStore|x86 = AppStore|x86
		Debug|Any CPU = Debug|Any CPU
		Debug|ARM = Debug|ARM
		Debug|iPhone = Debug|iPhone
		Debug|iPhoneSimulator = Debug|iPhoneSimulator
		Debug|x64 = Debug|x64
		Debug|x86 = Debug|x86
		Release|Any CPU = Release|Any CPU
		Release|ARM = Release|ARM
		Release|iPhone = Release|iPhone
		Release|iPhoneSimulator = Release|iPhoneSimulator
		Release|x64 = Release|x64
		Release|x86 = Release|x86
	EndGlobalSection
	GlobalSection(ProjectConfigurationPlatforms) = postSolution
		{8AA24C95-F431-4EED-8860-4D65044C3565}.Ad-Hoc|Any CPU.ActiveCfg = Release|Any CPU
		{8AA24C95-F431-4EED-8860-4D65044C3565}.Ad-Hoc|Any CPU.Build.0 = Release|Any CPU
		{8AA24C95-F431-4EED-8860-4D65044C3565}.Ad-Hoc|Any CPU.Deploy.0 = Release|Any CPU
		{8AA24C95-F431-4EED-8860-4D65044C3565}.Ad-Hoc|ARM.ActiveCfg = Release|Any CPU
		{8AA24C95-F431-4EED-8860-4D65044C3565}.Ad-Hoc|ARM.Build.0 = Release|Any CPU
		{8AA24C95-F431-4EED-8860-4D65044C3565}.Ad-Hoc|ARM.Deploy.0 = Release|Any CPU
		{8AA24C95-F431-4EED-8860-4D65044C3565}.Ad-Hoc|iPhone.ActiveCfg = Release|Any CPU
		{8AA24C95-F431-4EED-8860-4D65044C3565}.Ad-Hoc|iPhone.Build.0 = Release|Any CPU
		{8AA24C95-F431-4EED-8860-4D65044C3565}.Ad-Hoc|iPhone.Deploy.0 = Release|Any CPU
		{8AA24C95-F431-4EED-8860-4D65044C3565}.Ad-Hoc|iPhoneSimulator.ActiveCfg = Release|Any CPU
		{8AA24C95-F431-4EED-8860-4D65044C3565}.Ad-Hoc|iPhoneSimulator.Build.0 = Release|Any CPU
		{8AA24C95-F431-4EED-8860-4D65044C3565}.Ad-Hoc|iPhoneSimulator.Deploy.0 = Release|Any CPU
		{8AA24C95-F431-4EED-8860-4D65044C3565}.Ad-Hoc|x64.ActiveCfg = Release|Any CPU
		{8AA24C95-F431-4EED-8860-4D65044C3565}.Ad-Hoc|x64.Build.0 = Release|Any CPU
		{8AA24C95-F431-4EED-8860-4D65044C3565}.Ad-Hoc|x64.Deploy.0 = Release|Any CPU
		{8AA24C95-F431-4EED-8860-4D65044C3565}.Ad-Hoc|x86.ActiveCfg = Release|Any CPU
		{8AA24C95-F431-4EED-8860-4D65044C3565}.Ad-Hoc|x86.Build.0 = Release|Any CPU
		{8AA24C95-F431-4EED-8860-4D65044C3565}.Ad-Hoc|x86.Deploy.0 = Release|Any CPU
		{8AA24C95-F431-4EED-8860-4D65044C3565}.AppStore|Any CPU.ActiveCfg = Release|Any CPU
		{8AA24C95-F431-4EED-8860-4D65044C3565}.AppStore|Any CPU.Build.0 = Release|Any CPU
		{8AA24C95-F431-4EED-8860-4D65044C3565}.AppStore|Any CPU.Deploy.0 = Release|Any CPU
		{8AA24C95-F431-4EED-8860-4D65044C3565}.AppStore|ARM.ActiveCfg = Release|Any CPU
		{8AA24C95-F431-4EED-8860-4D65044C3565}.AppStore|ARM.Build.0 = Release|Any CPU
		{8AA24C95-F431-4EED-8860-4D65044C3565}.AppStore|ARM.Deploy.0 = Release|Any CPU
		{8AA24C95-F431-4EED-8860-4D65044C3565}.AppStore|iPhone.ActiveCfg = Release|Any CPU
		{8AA24C95-F431-4EED-8860-4D65044C3565}.AppStore|iPhone.Build.0 = Release|Any CPU
		{8AA24C95-F431-4EED-8860-4D65044C3565}.AppStore|iPhone.Deploy.0 = Release|Any CPU
		{8AA24C95-F431-4EED-8860-4D65044C3565}.AppStore|iPhoneSimulator.ActiveCfg = Release|Any CPU
		{8AA24C95-F431-4EED-8860-4D65044C3565}.AppStore|iPhoneSimulator.Build.0 = Release|Any CPU
		{8AA24C95-F431-4EED-8860-4D65044C3565}.AppStore|iPhoneSimulator.Deploy.0 = Release|Any CPU
		{8AA24C95-F431-4EED-8860-4D65044C3565}.AppStore|x64.ActiveCfg = Release|Any CPU
		{8AA24C95-F431-4EED-8860-4D65044C3565}.AppStore|x64.Build.0 = Release|Any CPU
		{8AA24C95-F431-4EED-8860-4D65044C3565}.AppStore|x64.Deploy.0 = Release|Any CPU
		{8AA24C95-F431-4EED-8860-4D65044C3565}.AppStore|x86.ActiveCfg = Release|Any CPU
		{8AA24C95-F431-4EED-8860-4D65044C3565}.AppStore|x86.Build.0 = Release|Any CPU
		{8AA24C95-F431-4EED-8860-4D65044C3565}.AppStore|x86.Deploy.0 = Release|Any CPU
		{8AA24C95-F431-4EED-8860-4D65044C3565}.Debug|Any CPU.ActiveCfg = Debug|Any CPU
		{8AA24C95-F431-4EED-8860-4D65044C3565}.Debug|Any CPU.Build.0 = Debug|Any CPU
		{8AA24C95-F431-4EED-8860-4D65044C3565}.Debug|Any CPU.Deploy.0 = Debug|Any CPU
		{8AA24C95-F431-4EED-8860-4D65044C3565}.Debug|ARM.ActiveCfg = Debug|Any CPU
		{8AA24C95-F431-4EED-8860-4D65044C3565}.Debug|ARM.Build.0 = Debug|Any CPU
		{8AA24C95-F431-4EED-8860-4D65044C3565}.Debug|ARM.Deploy.0 = Debug|Any CPU
		{8AA24C95-F431-4EED-8860-4D65044C3565}.Debug|iPhone.ActiveCfg = Debug|Any CPU
		{8AA24C95-F431-4EED-8860-4D65044C3565}.Debug|iPhone.Build.0 = Debug|Any CPU
		{8AA24C95-F431-4EED-8860-4D65044C3565}.Debug|iPhone.Deploy.0 = Debug|Any CPU
		{8AA24C95-F431-4EED-8860-4D65044C3565}.Debug|iPhoneSimulator.ActiveCfg = Debug|Any CPU
		{8AA24C95-F431-4EED-8860-4D65044C3565}.Debug|iPhoneSimulator.Build.0 = Debug|Any CPU
		{8AA24C95-F431-4EED-8860-4D65044C3565}.Debug|iPhoneSimulator.Deploy.0 = Debug|Any CPU
		{8AA24C95-F431-4EED-8860-4D65044C3565}.Debug|x64.ActiveCfg = Debug|Any CPU
		{8AA24C95-F431-4EED-8860-4D65044C3565}.Debug|x64.Build.0 = Debug|Any CPU
		{8AA24C95-F431-4EED-8860-4D65044C3565}.Debug|x64.Deploy.0 = Debug|Any CPU
		{8AA24C95-F431-4EED-8860-4D65044C3565}.Debug|x86.ActiveCfg = Debug|Any CPU
		{8AA24C95-F431-4EED-8860-4D65044C3565}.Debug|x86.Build.0 = Debug|Any CPU
		{8AA24C95-F431-4EED-8860-4D65044C3565}.Debug|x86.Deploy.0 = Debug|Any CPU
		{8AA24C95-F431-4EED-8860-4D65044C3565}.Release|Any CPU.ActiveCfg = Release|Any CPU
		{8AA24C95-F431-4EED-8860-4D65044C3565}.Release|Any CPU.Build.0 = Release|Any CPU
		{8AA24C95-F431-4EED-8860-4D65044C3565}.Release|Any CPU.Deploy.0 = Release|Any CPU
		{8AA24C95-F431-4EED-8860-4D65044C3565}.Release|ARM.ActiveCfg = Release|Any CPU
		{8AA24C95-F431-4EED-8860-4D65044C3565}.Release|ARM.Build.0 = Release|Any CPU
		{8AA24C95-F431-4EED-8860-4D65044C3565}.Release|ARM.Deploy.0 = Release|Any CPU
		{8AA24C95-F431-4EED-8860-4D65044C3565}.Release|iPhone.ActiveCfg = Release|Any CPU
		{8AA24C95-F431-4EED-8860-4D65044C3565}.Release|iPhone.Build.0 = Release|Any CPU
		{8AA24C95-F431-4EED-8860-4D65044C3565}.Release|iPhone.Deploy.0 = Release|Any CPU
		{8AA24C95-F431-4EED-8860-4D65044C3565}.Release|iPhoneSimulator.ActiveCfg = Release|Any CPU
		{8AA24C95-F431-4EED-8860-4D65044C3565}.Release|iPhoneSimulator.Build.0 = Release|Any CPU
		{8AA24C95-F431-4EED-8860-4D65044C3565}.Release|iPhoneSimulator.Deploy.0 = Release|Any CPU
		{8AA24C95-F431-4EED-8860-4D65044C3565}.Release|x64.ActiveCfg = Release|Any CPU
		{8AA24C95-F431-4EED-8860-4D65044C3565}.Release|x64.Build.0 = Release|Any CPU
		{8AA24C95-F431-4EED-8860-4D65044C3565}.Release|x64.Deploy.0 = Release|Any CPU
		{8AA24C95-F431-4EED-8860-4D65044C3565}.Release|x86.ActiveCfg = Release|Any CPU
		{8AA24C95-F431-4EED-8860-4D65044C3565}.Release|x86.Build.0 = Release|Any CPU
		{8AA24C95-F431-4EED-8860-4D65044C3565}.Release|x86.Deploy.0 = Release|Any CPU
		{4D73BA9A-8D45-4C76-92C9-17910DFAEC5C}.Ad-Hoc|Any CPU.ActiveCfg = Release|Any CPU
		{4D73BA9A-8D45-4C76-92C9-17910DFAEC5C}.Ad-Hoc|Any CPU.Build.0 = Release|Any CPU
		{4D73BA9A-8D45-4C76-92C9-17910DFAEC5C}.Ad-Hoc|ARM.ActiveCfg = Release|Any CPU
		{4D73BA9A-8D45-4C76-92C9-17910DFAEC5C}.Ad-Hoc|ARM.Build.0 = Release|Any CPU
		{4D73BA9A-8D45-4C76-92C9-17910DFAEC5C}.Ad-Hoc|iPhone.ActiveCfg = Release|Any CPU
		{4D73BA9A-8D45-4C76-92C9-17910DFAEC5C}.Ad-Hoc|iPhone.Build.0 = Release|Any CPU
		{4D73BA9A-8D45-4C76-92C9-17910DFAEC5C}.Ad-Hoc|iPhoneSimulator.ActiveCfg = Release|Any CPU
		{4D73BA9A-8D45-4C76-92C9-17910DFAEC5C}.Ad-Hoc|iPhoneSimulator.Build.0 = Release|Any CPU
		{4D73BA9A-8D45-4C76-92C9-17910DFAEC5C}.Ad-Hoc|x64.ActiveCfg = Release|Any CPU
		{4D73BA9A-8D45-4C76-92C9-17910DFAEC5C}.Ad-Hoc|x64.Build.0 = Release|Any CPU
		{4D73BA9A-8D45-4C76-92C9-17910DFAEC5C}.Ad-Hoc|x86.ActiveCfg = Release|Any CPU
		{4D73BA9A-8D45-4C76-92C9-17910DFAEC5C}.Ad-Hoc|x86.Build.0 = Release|Any CPU
		{4D73BA9A-8D45-4C76-92C9-17910DFAEC5C}.AppStore|Any CPU.ActiveCfg = Release|Any CPU
		{4D73BA9A-8D45-4C76-92C9-17910DFAEC5C}.AppStore|Any CPU.Build.0 = Release|Any CPU
		{4D73BA9A-8D45-4C76-92C9-17910DFAEC5C}.AppStore|ARM.ActiveCfg = Release|Any CPU
		{4D73BA9A-8D45-4C76-92C9-17910DFAEC5C}.AppStore|ARM.Build.0 = Release|Any CPU
		{4D73BA9A-8D45-4C76-92C9-17910DFAEC5C}.AppStore|iPhone.ActiveCfg = Release|Any CPU
		{4D73BA9A-8D45-4C76-92C9-17910DFAEC5C}.AppStore|iPhone.Build.0 = Release|Any CPU
		{4D73BA9A-8D45-4C76-92C9-17910DFAEC5C}.AppStore|iPhoneSimulator.ActiveCfg = Release|Any CPU
		{4D73BA9A-8D45-4C76-92C9-17910DFAEC5C}.AppStore|iPhoneSimulator.Build.0 = Release|Any CPU
		{4D73BA9A-8D45-4C76-92C9-17910DFAEC5C}.AppStore|x64.ActiveCfg = Release|Any CPU
		{4D73BA9A-8D45-4C76-92C9-17910DFAEC5C}.AppStore|x64.Build.0 = Release|Any CPU
		{4D73BA9A-8D45-4C76-92C9-17910DFAEC5C}.AppStore|x86.ActiveCfg = Release|Any CPU
		{4D73BA9A-8D45-4C76-92C9-17910DFAEC5C}.AppStore|x86.Build.0 = Release|Any CPU
		{4D73BA9A-8D45-4C76-92C9-17910DFAEC5C}.Debug|Any CPU.ActiveCfg = Debug|Any CPU
		{4D73BA9A-8D45-4C76-92C9-17910DFAEC5C}.Debug|Any CPU.Build.0 = Debug|Any CPU
		{4D73BA9A-8D45-4C76-92C9-17910DFAEC5C}.Debug|ARM.ActiveCfg = Debug|Any CPU
		{4D73BA9A-8D45-4C76-92C9-17910DFAEC5C}.Debug|ARM.Build.0 = Debug|Any CPU
		{4D73BA9A-8D45-4C76-92C9-17910DFAEC5C}.Debug|iPhone.ActiveCfg = Debug|Any CPU
		{4D73BA9A-8D45-4C76-92C9-17910DFAEC5C}.Debug|iPhone.Build.0 = Debug|Any CPU
		{4D73BA9A-8D45-4C76-92C9-17910DFAEC5C}.Debug|iPhoneSimulator.ActiveCfg = Debug|Any CPU
		{4D73BA9A-8D45-4C76-92C9-17910DFAEC5C}.Debug|iPhoneSimulator.Build.0 = Debug|Any CPU
		{4D73BA9A-8D45-4C76-92C9-17910DFAEC5C}.Debug|x64.ActiveCfg = Debug|Any CPU
		{4D73BA9A-8D45-4C76-92C9-17910DFAEC5C}.Debug|x64.Build.0 = Debug|Any CPU
		{4D73BA9A-8D45-4C76-92C9-17910DFAEC5C}.Debug|x86.ActiveCfg = Debug|Any CPU
		{4D73BA9A-8D45-4C76-92C9-17910DFAEC5C}.Debug|x86.Build.0 = Debug|Any CPU
		{4D73BA9A-8D45-4C76-92C9-17910DFAEC5C}.Release|Any CPU.ActiveCfg = Release|Any CPU
		{4D73BA9A-8D45-4C76-92C9-17910DFAEC5C}.Release|Any CPU.Build.0 = Release|Any CPU
		{4D73BA9A-8D45-4C76-92C9-17910DFAEC5C}.Release|ARM.ActiveCfg = Release|Any CPU
		{4D73BA9A-8D45-4C76-92C9-17910DFAEC5C}.Release|ARM.Build.0 = Release|Any CPU
		{4D73BA9A-8D45-4C76-92C9-17910DFAEC5C}.Release|iPhone.ActiveCfg = Release|Any CPU
		{4D73BA9A-8D45-4C76-92C9-17910DFAEC5C}.Release|iPhone.Build.0 = Release|Any CPU
		{4D73BA9A-8D45-4C76-92C9-17910DFAEC5C}.Release|iPhoneSimulator.ActiveCfg = Release|Any CPU
		{4D73BA9A-8D45-4C76-92C9-17910DFAEC5C}.Release|iPhoneSimulator.Build.0 = Release|Any CPU
		{4D73BA9A-8D45-4C76-92C9-17910DFAEC5C}.Release|x64.ActiveCfg = Release|Any CPU
		{4D73BA9A-8D45-4C76-92C9-17910DFAEC5C}.Release|x64.Build.0 = Release|Any CPU
		{4D73BA9A-8D45-4C76-92C9-17910DFAEC5C}.Release|x86.ActiveCfg = Release|Any CPU
		{4D73BA9A-8D45-4C76-92C9-17910DFAEC5C}.Release|x86.Build.0 = Release|Any CPU
		{E08CF57E-27CC-4552-ADD0-75D1F9D0C5B0}.Ad-Hoc|Any CPU.ActiveCfg = Release|x86
		{E08CF57E-27CC-4552-ADD0-75D1F9D0C5B0}.Ad-Hoc|Any CPU.Build.0 = Release|x86
		{E08CF57E-27CC-4552-ADD0-75D1F9D0C5B0}.Ad-Hoc|Any CPU.Deploy.0 = Release|x86
		{E08CF57E-27CC-4552-ADD0-75D1F9D0C5B0}.Ad-Hoc|ARM.ActiveCfg = Release|ARM
		{E08CF57E-27CC-4552-ADD0-75D1F9D0C5B0}.Ad-Hoc|ARM.Build.0 = Release|ARM
		{E08CF57E-27CC-4552-ADD0-75D1F9D0C5B0}.Ad-Hoc|ARM.Deploy.0 = Release|ARM
		{E08CF57E-27CC-4552-ADD0-75D1F9D0C5B0}.Ad-Hoc|iPhone.ActiveCfg = Release|x86
		{E08CF57E-27CC-4552-ADD0-75D1F9D0C5B0}.Ad-Hoc|iPhone.Build.0 = Release|x86
		{E08CF57E-27CC-4552-ADD0-75D1F9D0C5B0}.Ad-Hoc|iPhone.Deploy.0 = Release|x86
		{E08CF57E-27CC-4552-ADD0-75D1F9D0C5B0}.Ad-Hoc|iPhoneSimulator.ActiveCfg = Release|x86
		{E08CF57E-27CC-4552-ADD0-75D1F9D0C5B0}.Ad-Hoc|iPhoneSimulator.Build.0 = Release|x86
		{E08CF57E-27CC-4552-ADD0-75D1F9D0C5B0}.Ad-Hoc|iPhoneSimulator.Deploy.0 = Release|x86
		{E08CF57E-27CC-4552-ADD0-75D1F9D0C5B0}.Ad-Hoc|x64.ActiveCfg = Release|x64
		{E08CF57E-27CC-4552-ADD0-75D1F9D0C5B0}.Ad-Hoc|x64.Build.0 = Release|x64
		{E08CF57E-27CC-4552-ADD0-75D1F9D0C5B0}.Ad-Hoc|x64.Deploy.0 = Release|x64
		{E08CF57E-27CC-4552-ADD0-75D1F9D0C5B0}.Ad-Hoc|x86.ActiveCfg = Release|x86
		{E08CF57E-27CC-4552-ADD0-75D1F9D0C5B0}.Ad-Hoc|x86.Build.0 = Release|x86
		{E08CF57E-27CC-4552-ADD0-75D1F9D0C5B0}.Ad-Hoc|x86.Deploy.0 = Release|x86
		{E08CF57E-27CC-4552-ADD0-75D1F9D0C5B0}.AppStore|Any CPU.ActiveCfg = Release|x86
		{E08CF57E-27CC-4552-ADD0-75D1F9D0C5B0}.AppStore|Any CPU.Build.0 = Release|x86
		{E08CF57E-27CC-4552-ADD0-75D1F9D0C5B0}.AppStore|Any CPU.Deploy.0 = Release|x86
		{E08CF57E-27CC-4552-ADD0-75D1F9D0C5B0}.AppStore|ARM.ActiveCfg = Release|ARM
		{E08CF57E-27CC-4552-ADD0-75D1F9D0C5B0}.AppStore|ARM.Build.0 = Release|ARM
		{E08CF57E-27CC-4552-ADD0-75D1F9D0C5B0}.AppStore|ARM.Deploy.0 = Release|ARM
		{E08CF57E-27CC-4552-ADD0-75D1F9D0C5B0}.AppStore|iPhone.ActiveCfg = Release|x86
		{E08CF57E-27CC-4552-ADD0-75D1F9D0C5B0}.AppStore|iPhone.Build.0 = Release|x86
		{E08CF57E-27CC-4552-ADD0-75D1F9D0C5B0}.AppStore|iPhone.Deploy.0 = Release|x86
		{E08CF57E-27CC-4552-ADD0-75D1F9D0C5B0}.AppStore|iPhoneSimulator.ActiveCfg = Release|x86
		{E08CF57E-27CC-4552-ADD0-75D1F9D0C5B0}.AppStore|iPhoneSimulator.Build.0 = Release|x86
		{E08CF57E-27CC-4552-ADD0-75D1F9D0C5B0}.AppStore|iPhoneSimulator.Deploy.0 = Release|x86
		{E08CF57E-27CC-4552-ADD0-75D1F9D0C5B0}.AppStore|x64.ActiveCfg = Release|x64
		{E08CF57E-27CC-4552-ADD0-75D1F9D0C5B0}.AppStore|x64.Build.0 = Release|x64
		{E08CF57E-27CC-4552-ADD0-75D1F9D0C5B0}.AppStore|x64.Deploy.0 = Release|x64
		{E08CF57E-27CC-4552-ADD0-75D1F9D0C5B0}.AppStore|x86.ActiveCfg = Release|x86
		{E08CF57E-27CC-4552-ADD0-75D1F9D0C5B0}.AppStore|x86.Build.0 = Release|x86
		{E08CF57E-27CC-4552-ADD0-75D1F9D0C5B0}.AppStore|x86.Deploy.0 = Release|x86
		{E08CF57E-27CC-4552-ADD0-75D1F9D0C5B0}.Debug|Any CPU.ActiveCfg = Debug|x86
		{E08CF57E-27CC-4552-ADD0-75D1F9D0C5B0}.Debug|ARM.ActiveCfg = Debug|ARM
		{E08CF57E-27CC-4552-ADD0-75D1F9D0C5B0}.Debug|ARM.Build.0 = Debug|ARM
		{E08CF57E-27CC-4552-ADD0-75D1F9D0C5B0}.Debug|ARM.Deploy.0 = Debug|ARM
		{E08CF57E-27CC-4552-ADD0-75D1F9D0C5B0}.Debug|iPhone.ActiveCfg = Debug|x86
		{E08CF57E-27CC-4552-ADD0-75D1F9D0C5B0}.Debug|iPhoneSimulator.ActiveCfg = Debug|x86
		{E08CF57E-27CC-4552-ADD0-75D1F9D0C5B0}.Debug|x64.ActiveCfg = Debug|x64
		{E08CF57E-27CC-4552-ADD0-75D1F9D0C5B0}.Debug|x64.Build.0 = Debug|x64
		{E08CF57E-27CC-4552-ADD0-75D1F9D0C5B0}.Debug|x64.Deploy.0 = Debug|x64
		{E08CF57E-27CC-4552-ADD0-75D1F9D0C5B0}.Debug|x86.ActiveCfg = Debug|x86
		{E08CF57E-27CC-4552-ADD0-75D1F9D0C5B0}.Debug|x86.Build.0 = Debug|x86
		{E08CF57E-27CC-4552-ADD0-75D1F9D0C5B0}.Debug|x86.Deploy.0 = Debug|x86
		{E08CF57E-27CC-4552-ADD0-75D1F9D0C5B0}.Release|Any CPU.ActiveCfg = Release|x86
		{E08CF57E-27CC-4552-ADD0-75D1F9D0C5B0}.Release|ARM.ActiveCfg = Release|ARM
		{E08CF57E-27CC-4552-ADD0-75D1F9D0C5B0}.Release|ARM.Build.0 = Release|ARM
		{E08CF57E-27CC-4552-ADD0-75D1F9D0C5B0}.Release|ARM.Deploy.0 = Release|ARM
		{E08CF57E-27CC-4552-ADD0-75D1F9D0C5B0}.Release|iPhone.ActiveCfg = Release|x86
		{E08CF57E-27CC-4552-ADD0-75D1F9D0C5B0}.Release|iPhoneSimulator.ActiveCfg = Release|x86
		{E08CF57E-27CC-4552-ADD0-75D1F9D0C5B0}.Release|x64.ActiveCfg = Release|x64
		{E08CF57E-27CC-4552-ADD0-75D1F9D0C5B0}.Release|x64.Build.0 = Release|x64
		{E08CF57E-27CC-4552-ADD0-75D1F9D0C5B0}.Release|x64.Deploy.0 = Release|x64
		{E08CF57E-27CC-4552-ADD0-75D1F9D0C5B0}.Release|x86.ActiveCfg = Release|x86
		{E08CF57E-27CC-4552-ADD0-75D1F9D0C5B0}.Release|x86.Build.0 = Release|x86
		{E08CF57E-27CC-4552-ADD0-75D1F9D0C5B0}.Release|x86.Deploy.0 = Release|x86
		{69D831CF-98CA-44AB-A367-11A9A3B0F01E}.Ad-Hoc|Any CPU.ActiveCfg = Ad-Hoc|iPhone
		{69D831CF-98CA-44AB-A367-11A9A3B0F01E}.Ad-Hoc|ARM.ActiveCfg = Ad-Hoc|iPhone
		{69D831CF-98CA-44AB-A367-11A9A3B0F01E}.Ad-Hoc|iPhone.ActiveCfg = Ad-Hoc|iPhone
		{69D831CF-98CA-44AB-A367-11A9A3B0F01E}.Ad-Hoc|iPhone.Build.0 = Ad-Hoc|iPhone
		{69D831CF-98CA-44AB-A367-11A9A3B0F01E}.Ad-Hoc|iPhoneSimulator.ActiveCfg = Ad-Hoc|iPhoneSimulator
		{69D831CF-98CA-44AB-A367-11A9A3B0F01E}.Ad-Hoc|iPhoneSimulator.Build.0 = Ad-Hoc|iPhoneSimulator
		{69D831CF-98CA-44AB-A367-11A9A3B0F01E}.Ad-Hoc|x64.ActiveCfg = Ad-Hoc|iPhone
		{69D831CF-98CA-44AB-A367-11A9A3B0F01E}.Ad-Hoc|x86.ActiveCfg = Ad-Hoc|iPhone
		{69D831CF-98CA-44AB-A367-11A9A3B0F01E}.AppStore|Any CPU.ActiveCfg = AppStore|iPhone
		{69D831CF-98CA-44AB-A367-11A9A3B0F01E}.AppStore|ARM.ActiveCfg = AppStore|iPhone
		{69D831CF-98CA-44AB-A367-11A9A3B0F01E}.AppStore|iPhone.ActiveCfg = AppStore|iPhone
		{69D831CF-98CA-44AB-A367-11A9A3B0F01E}.AppStore|iPhone.Build.0 = AppStore|iPhone
		{69D831CF-98CA-44AB-A367-11A9A3B0F01E}.AppStore|iPhoneSimulator.ActiveCfg = AppStore|iPhoneSimulator
		{69D831CF-98CA-44AB-A367-11A9A3B0F01E}.AppStore|iPhoneSimulator.Build.0 = AppStore|iPhoneSimulator
		{69D831CF-98CA-44AB-A367-11A9A3B0F01E}.AppStore|x64.ActiveCfg = AppStore|iPhone
		{69D831CF-98CA-44AB-A367-11A9A3B0F01E}.AppStore|x86.ActiveCfg = AppStore|iPhone
		{69D831CF-98CA-44AB-A367-11A9A3B0F01E}.Debug|Any CPU.ActiveCfg = Debug|iPhone
		{69D831CF-98CA-44AB-A367-11A9A3B0F01E}.Debug|ARM.ActiveCfg = Debug|iPhone
		{69D831CF-98CA-44AB-A367-11A9A3B0F01E}.Debug|iPhone.ActiveCfg = Debug|iPhone
		{69D831CF-98CA-44AB-A367-11A9A3B0F01E}.Debug|iPhone.Build.0 = Debug|iPhone
		{69D831CF-98CA-44AB-A367-11A9A3B0F01E}.Debug|iPhoneSimulator.ActiveCfg = Debug|iPhoneSimulator
		{69D831CF-98CA-44AB-A367-11A9A3B0F01E}.Debug|iPhoneSimulator.Build.0 = Debug|iPhoneSimulator
		{69D831CF-98CA-44AB-A367-11A9A3B0F01E}.Debug|x64.ActiveCfg = Debug|iPhone
		{69D831CF-98CA-44AB-A367-11A9A3B0F01E}.Debug|x86.ActiveCfg = Debug|iPhone
		{69D831CF-98CA-44AB-A367-11A9A3B0F01E}.Release|Any CPU.ActiveCfg = Release|iPhone
		{69D831CF-98CA-44AB-A367-11A9A3B0F01E}.Release|ARM.ActiveCfg = Release|iPhone
		{69D831CF-98CA-44AB-A367-11A9A3B0F01E}.Release|iPhone.ActiveCfg = Release|iPhone
		{69D831CF-98CA-44AB-A367-11A9A3B0F01E}.Release|iPhone.Build.0 = Release|iPhone
		{69D831CF-98CA-44AB-A367-11A9A3B0F01E}.Release|iPhoneSimulator.ActiveCfg = Release|iPhoneSimulator
		{69D831CF-98CA-44AB-A367-11A9A3B0F01E}.Release|iPhoneSimulator.Build.0 = Release|iPhoneSimulator
		{69D831CF-98CA-44AB-A367-11A9A3B0F01E}.Release|x64.ActiveCfg = Release|iPhone
		{69D831CF-98CA-44AB-A367-11A9A3B0F01E}.Release|x86.ActiveCfg = Release|iPhone
	EndGlobalSection
	GlobalSection(SolutionProperties) = preSolution
		HideSolutionNode = FALSE
	EndGlobalSection
EndGlobal
